
Microsoft Visual Studio Solution File, Format Version 12.00
# Visual Studio Version 17
VisualStudioVersion = 17.6.33723.286
MinimumVisualStudioVersion = 10.0.40219.1
Project("{FAE04EC0-301F-11D3-BF4B-00C04F79EFBC}") = "Interfaces", "Interfaces\Interfaces.csproj", "{6689820A-203B-4B04-BFCE-0CADC441F0CE}"
EndProject
Global
	GlobalSection(SolutionConfigurationPlatforms) = preSolution
		Debug|Any CPU = Debug|Any CPU
		Release|Any CPU = Release|Any CPU
	EndGlobalSection
	GlobalSection(ProjectConfigurationPlatforms) = postSolution
		{6689820A-203B-4B04-BFCE-0CADC441F0CE}.Debug|Any CPU.ActiveCfg = Debug|Any CPU
		{6689820A-203B-4B04-BFCE-0CADC441F0CE}.Debug|Any CPU.Build.0 = Debug|Any CPU
		{6689820A-203B-4B04-BFCE-0CADC441F0CE}.Release|Any CPU.ActiveCfg = Release|Any CPU
		{6689820A-203B-4B04-BFCE-0CADC441F0CE}.Release|Any CPU.Build.0 = Release|Any CPU
	EndGlobalSection
	GlobalSection(SolutionProperties) = preSolution
		HideSolutionNode = FALSE
	EndGlobalSection
	GlobalSection(ExtensibilityGlobals) = postSolution
		SolutionGuid = {AA9A8DB2-3CC8-4B8B-8BC9-185381EA516B}
	EndGlobalSection
EndGlobal
